
Microsoft Visual Studio Solution File, Format Version 12.00
# Visual Studio 15
VisualStudioVersion = 15.0.28307.271
MinimumVisualStudioVersion = 10.0.40219.1
Project("{9A19103F-16F7-4668-BE54-9A1E7A4F7556}") = "TaskManager.API", "TaskManager.API\TaskManager.API.csproj", "{5F3BF7FE-271A-46B8-A33B-8C346DD9F813}"
EndProject
Project("{FAE04EC0-301F-11D3-BF4B-00C04F79EFBC}") = "TaskManager.API.Tests", "TaskManager.API.Tests\TaskManager.API.Tests.csproj", "{19D2BF38-7CE8-43FA-8BE9-846032258654}"
EndProject
Global
	GlobalSection(SolutionConfigurationPlatforms) = preSolution
		Debug|Any CPU = Debug|Any CPU
		Release|Any CPU = Release|Any CPU
	EndGlobalSection
	GlobalSection(ProjectConfigurationPlatforms) = postSolution
		{5F3BF7FE-271A-46B8-A33B-8C346DD9F813}.Debug|Any CPU.ActiveCfg = Debug|Any CPU
		{5F3BF7FE-271A-46B8-A33B-8C346DD9F813}.Debug|Any CPU.Build.0 = Debug|Any CPU
		{5F3BF7FE-271A-46B8-A33B-8C346DD9F813}.Release|Any CPU.ActiveCfg = Release|Any CPU
		{5F3BF7FE-271A-46B8-A33B-8C346DD9F813}.Release|Any CPU.Build.0 = Release|Any CPU
		{19D2BF38-7CE8-43FA-8BE9-846032258654}.Debug|Any CPU.ActiveCfg = Debug|Any CPU
		{19D2BF38-7CE8-43FA-8BE9-846032258654}.Debug|Any CPU.Build.0 = Debug|Any CPU
		{19D2BF38-7CE8-43FA-8BE9-846032258654}.Release|Any CPU.ActiveCfg = Release|Any CPU
		{19D2BF38-7CE8-43FA-8BE9-846032258654}.Release|Any CPU.Build.0 = Release|Any CPU
	EndGlobalSection
	GlobalSection(SolutionProperties) = preSolution
		HideSolutionNode = FALSE
	EndGlobalSection
	GlobalSection(ExtensibilityGlobals) = postSolution
		SolutionGuid = {28EE1BE7-CEE4-4A42-B2E1-F9912D274C8B}
	EndGlobalSection
EndGlobal
